
Microsoft Visual Studio Solution File, Format Version 12.00
# Visual Studio Version 17
VisualStudioVersion = 17.3.32804.467
MinimumVisualStudioVersion = 10.0.40219.1
Project("{FAE04EC0-301F-11D3-BF4B-00C04F79EFBC}") = "Server", "Server\Server.csproj", "{C133D00D-9A10-432F-BADB-0B93C68B540A}"
EndProject
Project("{FAE04EC0-301F-11D3-BF4B-00C04F79EFBC}") = "Client", "Client\Client.csproj", "{82ED491A-ACEB-4295-B248-775B64913104}"
EndProject
Project("{FAE04EC0-301F-11D3-BF4B-00C04F79EFBC}") = "ClientsPool", "ClientsPool\ClientsPool.csproj", "{DD1F9E97-82BF-42B6-A3A8-6ED01516DD03}"
EndProject
Global
	GlobalSection(SolutionConfigurationPlatforms) = preSolution
		Debug|Any CPU = Debug|Any CPU
		Release|Any CPU = Release|Any CPU
	EndGlobalSection
	GlobalSection(ProjectConfigurationPlatforms) = postSolution
		{C133D00D-9A10-432F-BADB-0B93C68B540A}.Debug|Any CPU.ActiveCfg = Debug|Any CPU
		{C133D00D-9A10-432F-BADB-0B93C68B540A}.Debug|Any CPU.Build.0 = Debug|Any CPU
		{C133D00D-9A10-432F-BADB-0B93C68B540A}.Release|Any CPU.ActiveCfg = Release|Any CPU
		{C133D00D-9A10-432F-BADB-0B93C68B540A}.Release|Any CPU.Build.0 = Release|Any CPU
		{82ED491A-ACEB-4295-B248-775B64913104}.Debug|Any CPU.ActiveCfg = Debug|Any CPU
		{82ED491A-ACEB-4295-B248-775B64913104}.Debug|Any CPU.Build.0 = Debug|Any CPU
		{82ED491A-ACEB-4295-B248-775B64913104}.Release|Any CPU.ActiveCfg = Release|Any CPU
		{82ED491A-ACEB-4295-B248-775B64913104}.Release|Any CPU.Build.0 = Release|Any CPU
		{DD1F9E97-82BF-42B6-A3A8-6ED01516DD03}.Debug|Any CPU.ActiveCfg = Debug|Any CPU
		{DD1F9E97-82BF-42B6-A3A8-6ED01516DD03}.Debug|Any CPU.Build.0 = Debug|Any CPU
		{DD1F9E97-82BF-42B6-A3A8-6ED01516DD03}.Release|Any CPU.ActiveCfg = Release|Any CPU
		{DD1F9E97-82BF-42B6-A3A8-6ED01516DD03}.Release|Any CPU.Build.0 = Release|Any CPU
	EndGlobalSection
	GlobalSection(SolutionProperties) = preSolution
		HideSolutionNode = FALSE
	EndGlobalSection
	GlobalSection(ExtensibilityGlobals) = postSolution
		SolutionGuid = {5981F77E-EDDE-42D5-BDE8-5778FA5AA3CC}
	EndGlobalSection
EndGlobal
